{
  "name": "shopify-test",
  "lockfileVersion": 3,
  "requires": true,
  "packages": {
    "": {
      "dependencies": {
        "@shopify/graphql-client": "^1.2.1"
      }
    },
    "node_modules/@shopify/graphql-client": {
      "version": "1.2.1",
      "resolved": "https://registry.npmjs.org/@shopify/graphql-client/-/graphql-client-1.2.1.tgz",
      "integrity": "sha512-wySl/G7M/ZDxtcUEOF24wyfTigFnzW0hr3AzcldoQTl0OToLK2mQ7FBDSSwmfa00VrQ3TQwFM+tAAByK9tr3JQ==",
      "license": "MIT"
    }
  }
}
